
Microsoft Visual Studio Solution File, Format Version 12.00
# Visual Studio Version 16
VisualStudioVersion = 16.0.31729.503
MinimumVisualStudioVersion = 10.0.40219.1
Project("{8BC9CEB8-8B4A-11D0-8D11-00A0C91BC942}") = "CS300_ProjectTwo", "CS300_ProjectTwo.vcxproj", "{C1125B77-3867-4286-821E-34841C7A1360}"
EndProject
Global
	GlobalSection(SolutionConfigurationPlatforms) = preSolution
		Debug|x64 = Debug|x64
		Debug|x86 = Debug|x86
		Release|x64 = Release|x64
		Release|x86 = Release|x86
	EndGlobalSection
	GlobalSection(ProjectConfigurationPlatforms) = postSolution
		{C1125B77-3867-4286-821E-34841C7A1360}.Debug|x64.ActiveCfg = Debug|x64
		{C1125B77-3867-4286-821E-34841C7A1360}.Debug|x64.Build.0 = Debug|x64
		{C1125B77-3867-4286-821E-34841C7A1360}.Debug|x86.ActiveCfg = Debug|Win32
		{C1125B77-3867-4286-821E-34841C7A1360}.Debug|x86.Build.0 = Debug|Win32
		{C1125B77-3867-4286-821E-34841C7A1360}.Release|x64.ActiveCfg = Release|x64
		{C1125B77-3867-4286-821E-34841C7A1360}.Release|x64.Build.0 = Release|x64
		{C1125B77-3867-4286-821E-34841C7A1360}.Release|x86.ActiveCfg = Release|Win32
		{C1125B77-3867-4286-821E-34841C7A1360}.Release|x86.Build.0 = Release|Win32
	EndGlobalSection
	GlobalSection(SolutionProperties) = preSolution
		HideSolutionNode = FALSE
	EndGlobalSection
	GlobalSection(ExtensibilityGlobals) = postSolution
		SolutionGuid = {C8879BE4-AE45-4E49-B2BA-B6AF7FA6F771}
	EndGlobalSection
EndGlobal
